// !$*UTF8*$!
{
	archiveVersion = 1;
	classes = {
	};
	objectVersion = 56;
	objects = {

/* Begin PBXBuildFile section */
		287F542BC1F5F6F3C9D5E1E9 /* Pods_sports_formula1.framework in Frameworks */ = {isa = PBXBuildFile; fileRef = 8F1248835CAE6D4B06B83767 /* Pods_sports_formula1.framework */; };
		CE8B0F1B2A95FD0400DF8AC0 /* DriverView.swift in Sources */ = {isa = PBXBuildFile; fileRef = CE8B0F1A2A95FD0400DF8AC0 /* DriverView.swift */; };
		CE8B0F1E2A95FE7000DF8AC0 /* DriverModel.swift in Sources */ = {isa = PBXBuildFile; fileRef = CE8B0F1D2A95FE7000DF8AC0 /* DriverModel.swift */; };
		CE8B0F212A95FF1D00DF8AC0 /* TextUtils.swift in Sources */ = {isa = PBXBuildFile; fileRef = CE8B0F202A95FF1D00DF8AC0 /* TextUtils.swift */; };
		CE8B0F232A9605E400DF8AC0 /* DriverMiniView.swift in Sources */ = {isa = PBXBuildFile; fileRef = CE8B0F222A9605E400DF8AC0 /* DriverMiniView.swift */; };
		CE8B0F262A9608F400DF8AC0 /* TeamView.swift in Sources */ = {isa = PBXBuildFile; fileRef = CE8B0F252A9608F400DF8AC0 /* TeamView.swift */; };
		CE8B0F282A96090600DF8AC0 /* TeamModel.swift in Sources */ = {isa = PBXBuildFile; fileRef = CE8B0F272A96090600DF8AC0 /* TeamModel.swift */; };
		CE8B0F2A2A960AB100DF8AC0 /* TeamMiniView.swift in Sources */ = {isa = PBXBuildFile; fileRef = CE8B0F292A960AB100DF8AC0 /* TeamMiniView.swift */; };
		CE8B0F2D2A960B9E00DF8AC0 /* CircuitModel.swift in Sources */ = {isa = PBXBuildFile; fileRef = CE8B0F2C2A960B9E00DF8AC0 /* CircuitModel.swift */; };
		CE8B0F2F2A960CDC00DF8AC0 /* CircuitView.swift in Sources */ = {isa = PBXBuildFile; fileRef = CE8B0F2E2A960CDC00DF8AC0 /* CircuitView.swift */; };
		CE8B0F322A96146500DF8AC0 /* RaceSummaryView.swift in Sources */ = {isa = PBXBuildFile; fileRef = CE8B0F312A96146500DF8AC0 /* RaceSummaryView.swift */; };
		CE8B0F342A96160200DF8AC0 /* RaceSummaryModel.swift in Sources */ = {isa = PBXBuildFile; fileRef = CE8B0F332A96160200DF8AC0 /* RaceSummaryModel.swift */; };
		CE8B0F362A961D9A00DF8AC0 /* DateUtils.swift in Sources */ = {isa = PBXBuildFile; fileRef = CE8B0F352A961D9A00DF8AC0 /* DateUtils.swift */; };
		CE8B0F382A96336900DF8AC0 /* ViewUtils.swift in Sources */ = {isa = PBXBuildFile; fileRef = CE8B0F372A96336900DF8AC0 /* ViewUtils.swift */; };
		CE8B0F3A2A96338800DF8AC0 /* ColorUtils.swift in Sources */ = {isa = PBXBuildFile; fileRef = CE8B0F392A96338800DF8AC0 /* ColorUtils.swift */; };
		CE8B0F422A96376D00DF8AC0 /* LandingScreenView.swift in Sources */ = {isa = PBXBuildFile; fileRef = CE8B0F412A96376D00DF8AC0 /* LandingScreenView.swift */; };
		CE8B0F442A9638C700DF8AC0 /* HomeScreenView.swift in Sources */ = {isa = PBXBuildFile; fileRef = CE8B0F432A9638C700DF8AC0 /* HomeScreenView.swift */; };
		CE8B0F462A96394800DF8AC0 /* RacesScreenView.swift in Sources */ = {isa = PBXBuildFile; fileRef = CE8B0F452A96394800DF8AC0 /* RacesScreenView.swift */; };
		CE8B0F482A96395F00DF8AC0 /* DriversScreenView.swift in Sources */ = {isa = PBXBuildFile; fileRef = CE8B0F472A96395F00DF8AC0 /* DriversScreenView.swift */; };
		CE8B0F4A2A96397100DF8AC0 /* TeamsScreenView.swift in Sources */ = {isa = PBXBuildFile; fileRef = CE8B0F492A96397100DF8AC0 /* TeamsScreenView.swift */; };
		CE8B0F4C2A96397F00DF8AC0 /* CircuitsScreenView.swift in Sources */ = {isa = PBXBuildFile; fileRef = CE8B0F4B2A96397F00DF8AC0 /* CircuitsScreenView.swift */; };
		CE8B0F532A963B7B00DF8AC0 /* HomeViewModel.swift in Sources */ = {isa = PBXBuildFile; fileRef = CE8B0F522A963B7B00DF8AC0 /* HomeViewModel.swift */; };
		CEB9ED8B2A92353B008FAC22 /* Kingfisher in Frameworks */ = {isa = PBXBuildFile; productRef = CEB9ED8A2A92353B008FAC22 /* Kingfisher */; };
		CEB9ED8F2A934D1F008FAC22 /* NextRaceView.swift in Sources */ = {isa = PBXBuildFile; fileRef = CEB9ED8E2A934D1F008FAC22 /* NextRaceView.swift */; };
		CEB9ED942A93768D008FAC22 /* LastRaceView.swift in Sources */ = {isa = PBXBuildFile; fileRef = CEB9ED932A93768D008FAC22 /* LastRaceView.swift */; };
		CEC823F82A9880FE00B60966 /* RacesViewModel.swift in Sources */ = {isa = PBXBuildFile; fileRef = CEC823F72A9880FE00B60966 /* RacesViewModel.swift */; };
		CECBF6352A90E02B00B93271 /* sports_formula1App.swift in Sources */ = {isa = PBXBuildFile; fileRef = CECBF6342A90E02B00B93271 /* sports_formula1App.swift */; };
		CECBF6392A90E02D00B93271 /* Assets.xcassets in Resources */ = {isa = PBXBuildFile; fileRef = CECBF6382A90E02D00B93271 /* Assets.xcassets */; };
		CECBF63C2A90E02D00B93271 /* Preview Assets.xcassets in Resources */ = {isa = PBXBuildFile; fileRef = CECBF63B2A90E02D00B93271 /* Preview Assets.xcassets */; };
/* End PBXBuildFile section */

/* Begin PBXFileReference section */
		1499B8C0E1F600BD1EDF571D /* Pods-sports-formula1.debug.xcconfig */ = {isa = PBXFileReference; includeInIndex = 1; lastKnownFileType = text.xcconfig; name = "Pods-sports-formula1.debug.xcconfig"; path = "Target Support Files/Pods-sports-formula1/Pods-sports-formula1.debug.xcconfig"; sourceTree = "<group>"; };
		8F1248835CAE6D4B06B83767 /* Pods_sports_formula1.framework */ = {isa = PBXFileReference; explicitFileType = wrapper.framework; includeInIndex = 0; path = Pods_sports_formula1.framework; sourceTree = BUILT_PRODUCTS_DIR; };
		CE8B0F1A2A95FD0400DF8AC0 /* DriverView.swift */ = {isa = PBXFileReference; lastKnownFileType = sourcecode.swift; path = DriverView.swift; sourceTree = "<group>"; };
		CE8B0F1D2A95FE7000DF8AC0 /* DriverModel.swift */ = {isa = PBXFileReference; lastKnownFileType = sourcecode.swift; path = DriverModel.swift; sourceTree = "<group>"; };
		CE8B0F202A95FF1D00DF8AC0 /* TextUtils.swift */ = {isa = PBXFileReference; lastKnownFileType = sourcecode.swift; path = TextUtils.swift; sourceTree = "<group>"; };
		CE8B0F222A9605E400DF8AC0 /* DriverMiniView.swift */ = {isa = PBXFileReference; lastKnownFileType = sourcecode.swift; path = DriverMiniView.swift; sourceTree = "<group>"; };
		CE8B0F252A9608F400DF8AC0 /* TeamView.swift */ = {isa = PBXFileReference; lastKnownFileType = sourcecode.swift; path = TeamView.swift; sourceTree = "<group>"; };
		CE8B0F272A96090600DF8AC0 /* TeamModel.swift */ = {isa = PBXFileReference; lastKnownFileType = sourcecode.swift; path = TeamModel.swift; sourceTree = "<group>"; };
		CE8B0F292A960AB100DF8AC0 /* TeamMiniView.swift */ = {isa = PBXFileReference; lastKnownFileType = sourcecode.swift; path = TeamMiniView.swift; sourceTree = "<group>"; };
		CE8B0F2C2A960B9E00DF8AC0 /* CircuitModel.swift */ = {isa = PBXFileReference; lastKnownFileType = sourcecode.swift; path = CircuitModel.swift; sourceTree = "<group>"; };
		CE8B0F2E2A960CDC00DF8AC0 /* CircuitView.swift */ = {isa = PBXFileReference; lastKnownFileType = sourcecode.swift; path = CircuitView.swift; sourceTree = "<group>"; };
		CE8B0F312A96146500DF8AC0 /* RaceSummaryView.swift */ = {isa = PBXFileReference; lastKnownFileType = sourcecode.swift; path = RaceSummaryView.swift; sourceTree = "<group>"; };
		CE8B0F332A96160200DF8AC0 /* RaceSummaryModel.swift */ = {isa = PBXFileReference; lastKnownFileType = sourcecode.swift; path = RaceSummaryModel.swift; sourceTree = "<group>"; };
		CE8B0F352A961D9A00DF8AC0 /* DateUtils.swift */ = {isa = PBXFileReference; lastKnownFileType = sourcecode.swift; path = DateUtils.swift; sourceTree = "<group>"; };
		CE8B0F372A96336900DF8AC0 /* ViewUtils.swift */ = {isa = PBXFileReference; lastKnownFileType = sourcecode.swift; path = ViewUtils.swift; sourceTree = "<group>"; };
		CE8B0F392A96338800DF8AC0 /* ColorUtils.swift */ = {isa = PBXFileReference; lastKnownFileType = sourcecode.swift; path = ColorUtils.swift; sourceTree = "<group>"; };
		CE8B0F412A96376D00DF8AC0 /* LandingScreenView.swift */ = {isa = PBXFileReference; lastKnownFileType = sourcecode.swift; path = LandingScreenView.swift; sourceTree = "<group>"; };
		CE8B0F432A9638C700DF8AC0 /* HomeScreenView.swift */ = {isa = PBXFileReference; lastKnownFileType = sourcecode.swift; path = HomeScreenView.swift; sourceTree = "<group>"; };
		CE8B0F452A96394800DF8AC0 /* RacesScreenView.swift */ = {isa = PBXFileReference; lastKnownFileType = sourcecode.swift; path = RacesScreenView.swift; sourceTree = "<group>"; };
		CE8B0F472A96395F00DF8AC0 /* DriversScreenView.swift */ = {isa = PBXFileReference; lastKnownFileType = sourcecode.swift; path = DriversScreenView.swift; sourceTree = "<group>"; };
		CE8B0F492A96397100DF8AC0 /* TeamsScreenView.swift */ = {isa = PBXFileReference; lastKnownFileType = sourcecode.swift; path = TeamsScreenView.swift; sourceTree = "<group>"; };
		CE8B0F4B2A96397F00DF8AC0 /* CircuitsScreenView.swift */ = {isa = PBXFileReference; lastKnownFileType = sourcecode.swift; path = CircuitsScreenView.swift; sourceTree = "<group>"; };
		CE8B0F522A963B7B00DF8AC0 /* HomeViewModel.swift */ = {isa = PBXFileReference; lastKnownFileType = sourcecode.swift; path = HomeViewModel.swift; sourceTree = "<group>"; };
		CEB9ED8E2A934D1F008FAC22 /* NextRaceView.swift */ = {isa = PBXFileReference; lastKnownFileType = sourcecode.swift; path = NextRaceView.swift; sourceTree = "<group>"; };
		CEB9ED932A93768D008FAC22 /* LastRaceView.swift */ = {isa = PBXFileReference; lastKnownFileType = sourcecode.swift; path = LastRaceView.swift; sourceTree = "<group>"; };
		CEC823F72A9880FE00B60966 /* RacesViewModel.swift */ = {isa = PBXFileReference; lastKnownFileType = sourcecode.swift; path = RacesViewModel.swift; sourceTree = "<group>"; };
		CECBF6312A90E02B00B93271 /* sports-formula1.app */ = {isa = PBXFileReference; explicitFileType = wrapper.application; includeInIndex = 0; path = "sports-formula1.app"; sourceTree = BUILT_PRODUCTS_DIR; };
		CECBF6342A90E02B00B93271 /* sports_formula1App.swift */ = {isa = PBXFileReference; lastKnownFileType = sourcecode.swift; path = sports_formula1App.swift; sourceTree = "<group>"; };
		CECBF6382A90E02D00B93271 /* Assets.xcassets */ = {isa = PBXFileReference; lastKnownFileType = folder.assetcatalog; path = Assets.xcassets; sourceTree = "<group>"; };
		CECBF63B2A90E02D00B93271 /* Preview Assets.xcassets */ = {isa = PBXFileReference; lastKnownFileType = folder.assetcatalog; path = "Preview Assets.xcassets"; sourceTree = "<group>"; };
		D7DEC019CF1E074B48B0D519 /* Pods-sports-formula1.release.xcconfig */ = {isa = PBXFileReference; includeInIndex = 1; lastKnownFileType = text.xcconfig; name = "Pods-sports-formula1.release.xcconfig"; path = "Target Support Files/Pods-sports-formula1/Pods-sports-formula1.release.xcconfig"; sourceTree = "<group>"; };
/* End PBXFileReference section */

/* Begin PBXFrameworksBuildPhase section */
		CECBF62E2A90E02B00B93271 /* Frameworks */ = {
			isa = PBXFrameworksBuildPhase;
			buildActionMask = 2147483647;
			files = (
				CEB9ED8B2A92353B008FAC22 /* Kingfisher in Frameworks */,
				287F542BC1F5F6F3C9D5E1E9 /* Pods_sports_formula1.framework in Frameworks */,
			);
			runOnlyForDeploymentPostprocessing = 0;
		};
/* End PBXFrameworksBuildPhase section */

/* Begin PBXGroup section */
		91B0E8BE93519BDA95A93751 /* Frameworks */ = {
			isa = PBXGroup;
			children = (
				8F1248835CAE6D4B06B83767 /* Pods_sports_formula1.framework */,
			);
			name = Frameworks;
			sourceTree = "<group>";
		};
		C2952B2166465186F7575D28 /* Pods */ = {
			isa = PBXGroup;
			children = (
				1499B8C0E1F600BD1EDF571D /* Pods-sports-formula1.debug.xcconfig */,
				D7DEC019CF1E074B48B0D519 /* Pods-sports-formula1.release.xcconfig */,
			);
			path = Pods;
			sourceTree = "<group>";
		};
		CE8B0F1C2A95FE5B00DF8AC0 /* driver */ = {
			isa = PBXGroup;
			children = (
				CE8B0F1A2A95FD0400DF8AC0 /* DriverView.swift */,
				CE8B0F1D2A95FE7000DF8AC0 /* DriverModel.swift */,
				CE8B0F222A9605E400DF8AC0 /* DriverMiniView.swift */,
			);
			path = driver;
			sourceTree = "<group>";
		};
		CE8B0F1F2A95FF0E00DF8AC0 /* utils */ = {
			isa = PBXGroup;
			children = (
				CE8B0F202A95FF1D00DF8AC0 /* TextUtils.swift */,
				CE8B0F352A961D9A00DF8AC0 /* DateUtils.swift */,
				CE8B0F372A96336900DF8AC0 /* ViewUtils.swift */,
				CE8B0F392A96338800DF8AC0 /* ColorUtils.swift */,
			);
			path = utils;
			sourceTree = "<group>";
		};
		CE8B0F242A9608C700DF8AC0 /* team */ = {
			isa = PBXGroup;
			children = (
				CE8B0F252A9608F400DF8AC0 /* TeamView.swift */,
				CE8B0F272A96090600DF8AC0 /* TeamModel.swift */,
				CE8B0F292A960AB100DF8AC0 /* TeamMiniView.swift */,
			);
			path = team;
			sourceTree = "<group>";
		};
		CE8B0F2B2A960B9200DF8AC0 /* circuit */ = {
			isa = PBXGroup;
			children = (
				CE8B0F2C2A960B9E00DF8AC0 /* CircuitModel.swift */,
				CE8B0F2E2A960CDC00DF8AC0 /* CircuitView.swift */,
			);
			path = circuit;
			sourceTree = "<group>";
		};
		CE8B0F302A96128200DF8AC0 /* race */ = {
			isa = PBXGroup;
			children = (
				CE8B0F312A96146500DF8AC0 /* RaceSummaryView.swift */,
				CE8B0F332A96160200DF8AC0 /* RaceSummaryModel.swift */,
			);
			path = race;
			sourceTree = "<group>";
		};
		CE8B0F402A96375E00DF8AC0 /* screen */ = {
			isa = PBXGroup;
			children = (
				CE8B0F512A963B6000DF8AC0 /* circuits */,
				CE8B0F502A963B5C00DF8AC0 /* teams */,
				CE8B0F4F2A963B5800DF8AC0 /* drivers */,
				CE8B0F4E2A963B5200DF8AC0 /* races */,
				CE8B0F4D2A963B4A00DF8AC0 /* home */,
				CE8B0F412A96376D00DF8AC0 /* LandingScreenView.swift */,
			);
			path = screen;
			sourceTree = "<group>";
		};
		CE8B0F4D2A963B4A00DF8AC0 /* home */ = {
			isa = PBXGroup;
			children = (
				CE8B0F432A9638C700DF8AC0 /* HomeScreenView.swift */,
				CE8B0F522A963B7B00DF8AC0 /* HomeViewModel.swift */,
			);
			path = home;
			sourceTree = "<group>";
		};
		CE8B0F4E2A963B5200DF8AC0 /* races */ = {
			isa = PBXGroup;
			children = (
				CE8B0F452A96394800DF8AC0 /* RacesScreenView.swift */,
				CEC823F72A9880FE00B60966 /* RacesViewModel.swift */,
			);
			path = races;
			sourceTree = "<group>";
		};
		CE8B0F4F2A963B5800DF8AC0 /* drivers */ = {
			isa = PBXGroup;
			children = (
				CE8B0F472A96395F00DF8AC0 /* DriversScreenView.swift */,
			);
			path = drivers;
			sourceTree = "<group>";
		};
		CE8B0F502A963B5C00DF8AC0 /* teams */ = {
			isa = PBXGroup;
			children = (
				CE8B0F492A96397100DF8AC0 /* TeamsScreenView.swift */,
			);
			path = teams;
			sourceTree = "<group>";
		};
		CE8B0F512A963B6000DF8AC0 /* circuits */ = {
			isa = PBXGroup;
			children = (
				CE8B0F4B2A96397F00DF8AC0 /* CircuitsScreenView.swift */,
			);
			path = circuits;
			sourceTree = "<group>";
		};
		CEB9ED902A935103008FAC22 /* modifier */ = {
			isa = PBXGroup;
			children = (
			);
			path = modifier;
			sourceTree = "<group>";
		};
		CECBF6282A90E02B00B93271 = {
			isa = PBXGroup;
			children = (
				CECBF6332A90E02B00B93271 /* sports-formula1 */,
				CECBF6322A90E02B00B93271 /* Products */,
				C2952B2166465186F7575D28 /* Pods */,
				91B0E8BE93519BDA95A93751 /* Frameworks */,
			);
			sourceTree = "<group>";
		};
		CECBF6322A90E02B00B93271 /* Products */ = {
			isa = PBXGroup;
			children = (
				CECBF6312A90E02B00B93271 /* sports-formula1.app */,
			);
			name = Products;
			sourceTree = "<group>";
		};
		CECBF6332A90E02B00B93271 /* sports-formula1 */ = {
			isa = PBXGroup;
			children = (
				CECBF6432A922CB800B93271 /* core */,
				CECBF6342A90E02B00B93271 /* sports_formula1App.swift */,
				CECBF6382A90E02D00B93271 /* Assets.xcassets */,
				CECBF63A2A90E02D00B93271 /* Preview Content */,
			);
			path = "sports-formula1";
			sourceTree = "<group>";
		};
		CECBF63A2A90E02D00B93271 /* Preview Content */ = {
			isa = PBXGroup;
			children = (
				CECBF63B2A90E02D00B93271 /* Preview Assets.xcassets */,
			);
			path = "Preview Content";
			sourceTree = "<group>";
		};
		CECBF6422A922CAC00B93271 /* component */ = {
			isa = PBXGroup;
			children = (
				CE8B0F302A96128200DF8AC0 /* race */,
				CE8B0F2B2A960B9200DF8AC0 /* circuit */,
				CE8B0F242A9608C700DF8AC0 /* team */,
				CE8B0F1C2A95FE5B00DF8AC0 /* driver */,
				CEB9ED8E2A934D1F008FAC22 /* NextRaceView.swift */,
				CEB9ED932A93768D008FAC22 /* LastRaceView.swift */,
			);
			path = component;
			sourceTree = "<group>";
		};
		CECBF6432A922CB800B93271 /* core */ = {
			isa = PBXGroup;
			children = (
				CE8B0F402A96375E00DF8AC0 /* screen */,
				CE8B0F1F2A95FF0E00DF8AC0 /* utils */,
				CEB9ED902A935103008FAC22 /* modifier */,
				CECBF6422A922CAC00B93271 /* component */,
			);
			path = core;
			sourceTree = "<group>";
		};
/* End PBXGroup section */

/* Begin PBXNativeTarget section */
		CECBF6302A90E02B00B93271 /* sports-formula1 */ = {
			isa = PBXNativeTarget;
			buildConfigurationList = CECBF63F2A90E02D00B93271 /* Build configuration list for PBXNativeTarget "sports-formula1" */;
			buildPhases = (
				D383C33BA6E32803B7AFFC42 /* [CP] Check Pods Manifest.lock */,
				CECBF62D2A90E02B00B93271 /* Sources */,
				CECBF62E2A90E02B00B93271 /* Frameworks */,
				CECBF62F2A90E02B00B93271 /* Resources */,
				0F4E634682F24DE2BA8E7A16 /* [CP] Embed Pods Frameworks */,
			);
			buildRules = (
			);
			dependencies = (
			);
			name = "sports-formula1";
			packageProductDependencies = (
				CEB9ED8A2A92353B008FAC22 /* Kingfisher */,
			);
			productName = "sports-formula1";
			productReference = CECBF6312A90E02B00B93271 /* sports-formula1.app */;
			productType = "com.apple.product-type.application";
		};
/* End PBXNativeTarget section */

/* Begin PBXProject section */
		CECBF6292A90E02B00B93271 /* Project object */ = {
			isa = PBXProject;
			attributes = {
				BuildIndependentTargetsInParallel = 1;
				LastSwiftUpdateCheck = 1430;
				LastUpgradeCheck = 1430;
				TargetAttributes = {
					CECBF6302A90E02B00B93271 = {
						CreatedOnToolsVersion = 14.3;
					};
				};
			};
			buildConfigurationList = CECBF62C2A90E02B00B93271 /* Build configuration list for PBXProject "sports-formula1" */;
			compatibilityVersion = "Xcode 14.0";
			developmentRegion = en;
			hasScannedForEncodings = 0;
			knownRegions = (
				en,
				Base,
			);
			mainGroup = CECBF6282A90E02B00B93271;
			packageReferences = (
				CEB9ED892A92353B008FAC22 /* XCRemoteSwiftPackageReference "Kingfisher" */,
			);
			productRefGroup = CECBF6322A90E02B00B93271 /* Products */;
			projectDirPath = "";
			projectRoot = "";
			targets = (
				CECBF6302A90E02B00B93271 /* sports-formula1 */,
			);
		};
/* End PBXProject section */

/* Begin PBXResourcesBuildPhase section */
		CECBF62F2A90E02B00B93271 /* Resources */ = {
			isa = PBXResourcesBuildPhase;
			buildActionMask = 2147483647;
			files = (
				CECBF63C2A90E02D00B93271 /* Preview Assets.xcassets in Resources */,
				CECBF6392A90E02D00B93271 /* Assets.xcassets in Resources */,
			);
			runOnlyForDeploymentPostprocessing = 0;
		};
/* End PBXResourcesBuildPhase section */

/* Begin PBXShellScriptBuildPhase section */
		0F4E634682F24DE2BA8E7A16 /* [CP] Embed Pods Frameworks */ = {
			isa = PBXShellScriptBuildPhase;
			buildActionMask = 2147483647;
			files = (
			);
			inputFileListPaths = (
				"${PODS_ROOT}/Target Support Files/Pods-sports-formula1/Pods-sports-formula1-frameworks-${CONFIGURATION}-input-files.xcfilelist",
			);
			name = "[CP] Embed Pods Frameworks";
			outputFileListPaths = (
				"${PODS_ROOT}/Target Support Files/Pods-sports-formula1/Pods-sports-formula1-frameworks-${CONFIGURATION}-output-files.xcfilelist",
			);
			runOnlyForDeploymentPostprocessing = 0;
			shellPath = /bin/sh;
			shellScript = "\"${PODS_ROOT}/Target Support Files/Pods-sports-formula1/Pods-sports-formula1-frameworks.sh\"\n";
			showEnvVarsInLog = 0;
		};
		D383C33BA6E32803B7AFFC42 /* [CP] Check Pods Manifest.lock */ = {
			isa = PBXShellScriptBuildPhase;
			buildActionMask = 2147483647;
			files = (
			);
			inputFileListPaths = (
			);
			inputPaths = (
				"${PODS_PODFILE_DIR_PATH}/Podfile.lock",
				"${PODS_ROOT}/Manifest.lock",
			);
			name = "[CP] Check Pods Manifest.lock";
			outputFileListPaths = (
			);
			outputPaths = (
				"$(DERIVED_FILE_DIR)/Pods-sports-formula1-checkManifestLockResult.txt",
			);
			runOnlyForDeploymentPostprocessing = 0;
			shellPath = /bin/sh;
			shellScript = "diff \"${PODS_PODFILE_DIR_PATH}/Podfile.lock\" \"${PODS_ROOT}/Manifest.lock\" > /dev/null\nif [ $? != 0 ] ; then\n    # print error to STDERR\n    echo \"error: The sandbox is not in sync with the Podfile.lock. Run 'pod install' or update your CocoaPods installation.\" >&2\n    exit 1\nfi\n# This output is used by Xcode 'outputs' to avoid re-running this script phase.\necho \"SUCCESS\" > \"${SCRIPT_OUTPUT_FILE_0}\"\n";
			showEnvVarsInLog = 0;
		};
/* End PBXShellScriptBuildPhase section */

/* Begin PBXSourcesBuildPhase section */
		CECBF62D2A90E02B00B93271 /* Sources */ = {
			isa = PBXSourcesBuildPhase;
			buildActionMask = 2147483647;
			files = (
				CE8B0F422A96376D00DF8AC0 /* LandingScreenView.swift in Sources */,
				CE8B0F212A95FF1D00DF8AC0 /* TextUtils.swift in Sources */,
				CE8B0F1B2A95FD0400DF8AC0 /* DriverView.swift in Sources */,
				CE8B0F1E2A95FE7000DF8AC0 /* DriverModel.swift in Sources */,
				CE8B0F4C2A96397F00DF8AC0 /* CircuitsScreenView.swift in Sources */,
				CE8B0F232A9605E400DF8AC0 /* DriverMiniView.swift in Sources */,
				CE8B0F322A96146500DF8AC0 /* RaceSummaryView.swift in Sources */,
				CE8B0F342A96160200DF8AC0 /* RaceSummaryModel.swift in Sources */,
				CE8B0F442A9638C700DF8AC0 /* HomeScreenView.swift in Sources */,
				CEB9ED8F2A934D1F008FAC22 /* NextRaceView.swift in Sources */,
				CE8B0F4A2A96397100DF8AC0 /* TeamsScreenView.swift in Sources */,
				CE8B0F2D2A960B9E00DF8AC0 /* CircuitModel.swift in Sources */,
				CE8B0F482A96395F00DF8AC0 /* DriversScreenView.swift in Sources */,
				CE8B0F2F2A960CDC00DF8AC0 /* CircuitView.swift in Sources */,
				CE8B0F3A2A96338800DF8AC0 /* ColorUtils.swift in Sources */,
				CE8B0F362A961D9A00DF8AC0 /* DateUtils.swift in Sources */,
				CEC823F82A9880FE00B60966 /* RacesViewModel.swift in Sources */,
				CE8B0F282A96090600DF8AC0 /* TeamModel.swift in Sources */,
				CEB9ED942A93768D008FAC22 /* LastRaceView.swift in Sources */,
				CECBF6352A90E02B00B93271 /* sports_formula1App.swift in Sources */,
				CE8B0F532A963B7B00DF8AC0 /* HomeViewModel.swift in Sources */,
				CE8B0F2A2A960AB100DF8AC0 /* TeamMiniView.swift in Sources */,
				CE8B0F262A9608F400DF8AC0 /* TeamView.swift in Sources */,
				CE8B0F382A96336900DF8AC0 /* ViewUtils.swift in Sources */,
				CE8B0F462A96394800DF8AC0 /* RacesScreenView.swift in Sources */,
			);
			runOnlyForDeploymentPostprocessing = 0;
		};
/* End PBXSourcesBuildPhase section */

/* Begin XCBuildConfiguration section */
		CECBF63D2A90E02D00B93271 /* Debug */ = {
			isa = XCBuildConfiguration;
			buildSettings = {
				ALWAYS_SEARCH_USER_PATHS = NO;
				CLANG_ANALYZER_NONNULL = YES;
				CLANG_ANALYZER_NUMBER_OBJECT_CONVERSION = YES_AGGRESSIVE;
				CLANG_CXX_LANGUAGE_STANDARD = "gnu++20";
				CLANG_ENABLE_MODULES = YES;
				CLANG_ENABLE_OBJC_ARC = YES;
				CLANG_ENABLE_OBJC_WEAK = YES;
				CLANG_WARN_BLOCK_CAPTURE_AUTORELEASING = YES;
				CLANG_WARN_BOOL_CONVERSION = YES;
				CLANG_WARN_COMMA = YES;
				CLANG_WARN_CONSTANT_CONVERSION = YES;
				CLANG_WARN_DEPRECATED_OBJC_IMPLEMENTATIONS = YES;
				CLANG_WARN_DIRECT_OBJC_ISA_USAGE = YES_ERROR;
				CLANG_WARN_DOCUMENTATION_COMMENTS = YES;
				CLANG_WARN_EMPTY_BODY = YES;
				CLANG_WARN_ENUM_CONVERSION = YES;
				CLANG_WARN_INFINITE_RECURSION = YES;
				CLANG_WARN_INT_CONVERSION = YES;
				CLANG_WARN_NON_LITERAL_NULL_CONVERSION = YES;
				CLANG_WARN_OBJC_IMPLICIT_RETAIN_SELF = YES;
				CLANG_WARN_OBJC_LITERAL_CONVERSION = YES;
				CLANG_WARN_OBJC_ROOT_CLASS = YES_ERROR;
				CLANG_WARN_QUOTED_INCLUDE_IN_FRAMEWORK_HEADER = YES;
				CLANG_WARN_RANGE_LOOP_ANALYSIS = YES;
				CLANG_WARN_STRICT_PROTOTYPES = YES;
				CLANG_WARN_SUSPICIOUS_MOVE = YES;
				CLANG_WARN_UNGUARDED_AVAILABILITY = YES_AGGRESSIVE;
				CLANG_WARN_UNREACHABLE_CODE = YES;
				CLANG_WARN__DUPLICATE_METHOD_MATCH = YES;
				COPY_PHASE_STRIP = NO;
				DEBUG_INFORMATION_FORMAT = dwarf;
				ENABLE_STRICT_OBJC_MSGSEND = YES;
				ENABLE_TESTABILITY = YES;
				GCC_C_LANGUAGE_STANDARD = gnu11;
				GCC_DYNAMIC_NO_PIC = NO;
				GCC_NO_COMMON_BLOCKS = YES;
				GCC_OPTIMIZATION_LEVEL = 0;
				GCC_PREPROCESSOR_DEFINITIONS = (
					"DEBUG=1",
					"$(inherited)",
				);
				GCC_WARN_64_TO_32_BIT_CONVERSION = YES;
				GCC_WARN_ABOUT_RETURN_TYPE = YES_ERROR;
				GCC_WARN_UNDECLARED_SELECTOR = YES;
				GCC_WARN_UNINITIALIZED_AUTOS = YES_AGGRESSIVE;
				GCC_WARN_UNUSED_FUNCTION = YES;
				GCC_WARN_UNUSED_VARIABLE = YES;
				IPHONEOS_DEPLOYMENT_TARGET = 16.4;
				MTL_ENABLE_DEBUG_INFO = INCLUDE_SOURCE;
				MTL_FAST_MATH = YES;
				ONLY_ACTIVE_ARCH = YES;
				SDKROOT = iphoneos;
				SWIFT_ACTIVE_COMPILATION_CONDITIONS = DEBUG;
				SWIFT_OPTIMIZATION_LEVEL = "-Onone";
			};
			name = Debug;
		};
		CECBF63E2A90E02D00B93271 /* Release */ = {
			isa = XCBuildConfiguration;
			buildSettings = {
				ALWAYS_SEARCH_USER_PATHS = NO;
				CLANG_ANALYZER_NONNULL = YES;
				CLANG_ANALYZER_NUMBER_OBJECT_CONVERSION = YES_AGGRESSIVE;
				CLANG_CXX_LANGUAGE_STANDARD = "gnu++20";
				CLANG_ENABLE_MODULES = YES;
				CLANG_ENABLE_OBJC_ARC = YES;
				CLANG_ENABLE_OBJC_WEAK = YES;
				CLANG_WARN_BLOCK_CAPTURE_AUTORELEASING = YES;
				CLANG_WARN_BOOL_CONVERSION = YES;
				CLANG_WARN_COMMA = YES;
				CLANG_WARN_CONSTANT_CONVERSION = YES;
				CLANG_WARN_DEPRECATED_OBJC_IMPLEMENTATIONS = YES;
				CLANG_WARN_DIRECT_OBJC_ISA_USAGE = YES_ERROR;
				CLANG_WARN_DOCUMENTATION_COMMENTS = YES;
				CLANG_WARN_EMPTY_BODY = YES;
				CLANG_WARN_ENUM_CONVERSION = YES;
				CLANG_WARN_INFINITE_RECURSION = YES;
				CLANG_WARN_INT_CONVERSION = YES;
				CLANG_WARN_NON_LITERAL_NULL_CONVERSION = YES;
				CLANG_WARN_OBJC_IMPLICIT_RETAIN_SELF = YES;
				CLANG_WARN_OBJC_LITERAL_CONVERSION = YES;
				CLANG_WARN_OBJC_ROOT_CLASS = YES_ERROR;
				CLANG_WARN_QUOTED_INCLUDE_IN_FRAMEWORK_HEADER = YES;
				CLANG_WARN_RANGE_LOOP_ANALYSIS = YES;
				CLANG_WARN_STRICT_PROTOTYPES = YES;
				CLANG_WARN_SUSPICIOUS_MOVE = YES;
				CLANG_WARN_UNGUARDED_AVAILABILITY = YES_AGGRESSIVE;
				CLANG_WARN_UNREACHABLE_CODE = YES;
				CLANG_WARN__DUPLICATE_METHOD_MATCH = YES;
				COPY_PHASE_STRIP = NO;
				DEBUG_INFORMATION_FORMAT = "dwarf-with-dsym";
				ENABLE_NS_ASSERTIONS = NO;
				ENABLE_STRICT_OBJC_MSGSEND = YES;
				GCC_C_LANGUAGE_STANDARD = gnu11;
				GCC_NO_COMMON_BLOCKS = YES;
				GCC_WARN_64_TO_32_BIT_CONVERSION = YES;
				GCC_WARN_ABOUT_RETURN_TYPE = YES_ERROR;
				GCC_WARN_UNDECLARED_SELECTOR = YES;
				GCC_WARN_UNINITIALIZED_AUTOS = YES_AGGRESSIVE;
				GCC_WARN_UNUSED_FUNCTION = YES;
				GCC_WARN_UNUSED_VARIABLE = YES;
				IPHONEOS_DEPLOYMENT_TARGET = 16.4;
				MTL_ENABLE_DEBUG_INFO = NO;
				MTL_FAST_MATH = YES;
				SDKROOT = iphoneos;
				SWIFT_COMPILATION_MODE = wholemodule;
				SWIFT_OPTIMIZATION_LEVEL = "-O";
				VALIDATE_PRODUCT = YES;
			};
			name = Release;
		};
		CECBF6402A90E02D00B93271 /* Debug */ = {
			isa = XCBuildConfiguration;
			baseConfigurationReference = 1499B8C0E1F600BD1EDF571D /* Pods-sports-formula1.debug.xcconfig */;
			buildSettings = {
				ASSETCATALOG_COMPILER_APPICON_NAME = AppIcon;
				ASSETCATALOG_COMPILER_GLOBAL_ACCENT_COLOR_NAME = AccentColor;
				CODE_SIGN_STYLE = Automatic;
				CURRENT_PROJECT_VERSION = 1;
				DEVELOPMENT_ASSET_PATHS = "\"sports-formula1/Preview Content\"";
				DEVELOPMENT_TEAM = Q4993RB5YY;
				ENABLE_PREVIEWS = YES;
				GENERATE_INFOPLIST_FILE = YES;
				INFOPLIST_KEY_LSApplicationCategoryType = "public.app-category.sports";
				INFOPLIST_KEY_UIApplicationSceneManifest_Generation = YES;
				INFOPLIST_KEY_UIApplicationSupportsIndirectInputEvents = YES;
				INFOPLIST_KEY_UILaunchScreen_Generation = YES;
				INFOPLIST_KEY_UISupportedInterfaceOrientations_iPad = "UIInterfaceOrientationPortrait UIInterfaceOrientationPortraitUpsideDown UIInterfaceOrientationLandscapeLeft UIInterfaceOrientationLandscapeRight";
				INFOPLIST_KEY_UISupportedInterfaceOrientations_iPhone = "UIInterfaceOrientationPortrait UIInterfaceOrientationLandscapeLeft UIInterfaceOrientationLandscapeRight";
				LD_RUNPATH_SEARCH_PATHS = (
					"$(inherited)",
					"@executable_path/Frameworks",
				);
				MARKETING_VERSION = 1.0;
				PRODUCT_BUNDLE_IDENTIFIER = "com.mrtvrgn.sports-formula1";
				PRODUCT_NAME = "$(TARGET_NAME)";
				SWIFT_EMIT_LOC_STRINGS = YES;
				SWIFT_VERSION = 5.0;
				TARGETED_DEVICE_FAMILY = "1,2";
			};
			name = Debug;
		};
		CECBF6412A90E02D00B93271 /* Release */ = {
			isa = XCBuildConfiguration;
			baseConfigurationReference = D7DEC019CF1E074B48B0D519 /* Pods-sports-formula1.release.xcconfig */;
			buildSettings = {
				ASSETCATALOG_COMPILER_APPICON_NAME = AppIcon;
				ASSETCATALOG_COMPILER_GLOBAL_ACCENT_COLOR_NAME = AccentColor;
				CODE_SIGN_STYLE = Automatic;
				CURRENT_PROJECT_VERSION = 1;
				DEVELOPMENT_ASSET_PATHS = "\"sports-formula1/Preview Content\"";
				DEVELOPMENT_TEAM = Q4993RB5YY;
				ENABLE_PREVIEWS = YES;
				GENERATE_INFOPLIST_FILE = YES;
				INFOPLIST_KEY_LSApplicationCategoryType = "public.app-category.sports";
				INFOPLIST_KEY_UIApplicationSceneManifest_Generation = YES;
				INFOPLIST_KEY_UIApplicationSupportsIndirectInputEvents = YES;
				INFOPLIST_KEY_UILaunchScreen_Generation = YES;
				INFOPLIST_KEY_UISupportedInterfaceOrientations_iPad = "UIInterfaceOrientationPortrait UIInterfaceOrientationPortraitUpsideDown UIInterfaceOrientationLandscapeLeft UIInterfaceOrientationLandscapeRight";
				INFOPLIST_KEY_UISupportedInterfaceOrientations_iPhone = "UIInterfaceOrientationPortrait UIInterfaceOrientationLandscapeLeft UIInterfaceOrientationLandscapeRight";
				LD_RUNPATH_SEARCH_PATHS = (
					"$(inherited)",
					"@executable_path/Frameworks",
				);
				MARKETING_VERSION = 1.0;
				PRODUCT_BUNDLE_IDENTIFIER = "com.mrtvrgn.sports-formula1";
				PRODUCT_NAME = "$(TARGET_NAME)";
				SWIFT_EMIT_LOC_STRINGS = YES;
				SWIFT_VERSION = 5.0;
				TARGETED_DEVICE_FAMILY = "1,2";
			};
			name = Release;
		};
/* End XCBuildConfiguration section */

/* Begin XCConfigurationList section */
		CECBF62C2A90E02B00B93271 /* Build configuration list for PBXProject "sports-formula1" */ = {
			isa = XCConfigurationList;
			buildConfigurations = (
				CECBF63D2A90E02D00B93271 /* Debug */,
				CECBF63E2A90E02D00B93271 /* Release */,
			);
			defaultConfigurationIsVisible = 0;
			defaultConfigurationName = Release;
		};
		CECBF63F2A90E02D00B93271 /* Build configuration list for PBXNativeTarget "sports-formula1" */ = {
			isa = XCConfigurationList;
			buildConfigurations = (
				CECBF6402A90E02D00B93271 /* Debug */,
				CECBF6412A90E02D00B93271 /* Release */,
			);
			defaultConfigurationIsVisible = 0;
			defaultConfigurationName = Release;
		};
/* End XCConfigurationList section */

/* Begin XCRemoteSwiftPackageReference section */
		CEB9ED892A92353B008FAC22 /* XCRemoteSwiftPackageReference "Kingfisher" */ = {
			isa = XCRemoteSwiftPackageReference;
			repositoryURL = "https://github.com/onevcat/Kingfisher.git";
			requirement = {
				kind = upToNextMajorVersion;
				minimumVersion = 7.0.0;
			};
		};
/* End XCRemoteSwiftPackageReference section */

/* Begin XCSwiftPackageProductDependency section */
		CEB9ED8A2A92353B008FAC22 /* Kingfisher */ = {
			isa = XCSwiftPackageProductDependency;
			package = CEB9ED892A92353B008FAC22 /* XCRemoteSwiftPackageReference "Kingfisher" */;
			productName = Kingfisher;
		};
/* End XCSwiftPackageProductDependency section */
	};
	rootObject = CECBF6292A90E02B00B93271 /* Project object */;
}
